
Microsoft Visual Studio Solution File, Format Version 12.00
# Visual Studio Version 17
VisualStudioVersion = 17.14.36518.9 d17.14
MinimumVisualStudioVersion = 10.0.40219.1
Project("{FAE04EC0-301F-11D3-BF4B-00C04F79EFBC}") = "FinanceTrackerNEU", "FinanceTrackerNEU.csproj", "{A757BA61-DAA4-40D6-B777-FF944E33D527}"
EndProject
Global
	GlobalSection(SolutionConfigurationPlatforms) = preSolution
		Debug|Any CPU = Debug|Any CPU
		Release|Any CPU = Release|Any CPU
	EndGlobalSection
	GlobalSection(ProjectConfigurationPlatforms) = postSolution
		{A757BA61-DAA4-40D6-B777-FF944E33D527}.Debug|Any CPU.ActiveCfg = Debug|Any CPU
		{A757BA61-DAA4-40D6-B777-FF944E33D527}.Debug|Any CPU.Build.0 = Debug|Any CPU
		{A757BA61-DAA4-40D6-B777-FF944E33D527}.Release|Any CPU.ActiveCfg = Release|Any CPU
		{A757BA61-DAA4-40D6-B777-FF944E33D527}.Release|Any CPU.Build.0 = Release|Any CPU
	EndGlobalSection
	GlobalSection(SolutionProperties) = preSolution
		HideSolutionNode = FALSE
	EndGlobalSection
	GlobalSection(ExtensibilityGlobals) = postSolution
		SolutionGuid = {A82E1BC8-2123-4FBF-B698-DE29A62FFF4A}
	EndGlobalSection
EndGlobal
